
Microsoft Visual Studio Solution File, Format Version 12.00
# Visual Studio Version 17
VisualStudioVersion = 17.0.32112.339
MinimumVisualStudioVersion = 10.0.40219.1
Project("{FAE04EC0-301F-11D3-BF4B-00C04F79EFBC}") = "TaskAPI", "TaskAPI\TaskAPI.csproj", "{C78E2469-E2E8-4CAF-9184-0EB30B95346C}"
EndProject
Global
	GlobalSection(SolutionConfigurationPlatforms) = preSolution
		Debug|Any CPU = Debug|Any CPU
		Release|Any CPU = Release|Any CPU
	EndGlobalSection
	GlobalSection(ProjectConfigurationPlatforms) = postSolution
		{C78E2469-E2E8-4CAF-9184-0EB30B95346C}.Debug|Any CPU.ActiveCfg = Debug|Any CPU
		{C78E2469-E2E8-4CAF-9184-0EB30B95346C}.Debug|Any CPU.Build.0 = Debug|Any CPU
		{C78E2469-E2E8-4CAF-9184-0EB30B95346C}.Release|Any CPU.ActiveCfg = Release|Any CPU
		{C78E2469-E2E8-4CAF-9184-0EB30B95346C}.Release|Any CPU.Build.0 = Release|Any CPU
	EndGlobalSection
	GlobalSection(SolutionProperties) = preSolution
		HideSolutionNode = FALSE
	EndGlobalSection
	GlobalSection(ExtensibilityGlobals) = postSolution
		SolutionGuid = {214987F0-41BE-44D1-9178-C59A7B9ED6E3}
	EndGlobalSection
EndGlobal
